
Microsoft Visual Studio Solution File, Format Version 12.00
# Visual Studio Version 16
VisualStudioVersion = 16.0.31424.327
MinimumVisualStudioVersion = 10.0.40219.1
Project("{8BC9CEB8-8B4A-11D0-8D11-00A0C91BC942}") = "Lab_10.4", "Lab_10.4\Lab_10.4.vcxproj", "{4A192CBB-F654-4DC8-8EC0-190CA29C1565}"
EndProject
Project("{8BC9CEB8-8B4A-11D0-8D11-00A0C91BC942}") = "UnitTest1", "UnitTest1\UnitTest1.vcxproj", "{4AA55EDB-95E3-4BE4-BB5A-E3ACC9AD45D9}"
EndProject
Global
	GlobalSection(SolutionConfigurationPlatforms) = preSolution
		Debug|x64 = Debug|x64
		Debug|x86 = Debug|x86
		Release|x64 = Release|x64
		Release|x86 = Release|x86
	EndGlobalSection
	GlobalSection(ProjectConfigurationPlatforms) = postSolution
		{4A192CBB-F654-4DC8-8EC0-190CA29C1565}.Debug|x64.ActiveCfg = Debug|x64
		{4A192CBB-F654-4DC8-8EC0-190CA29C1565}.Debug|x64.Build.0 = Debug|x64
		{4A192CBB-F654-4DC8-8EC0-190CA29C1565}.Debug|x86.ActiveCfg = Debug|Win32
		{4A192CBB-F654-4DC8-8EC0-190CA29C1565}.Debug|x86.Build.0 = Debug|Win32
		{4A192CBB-F654-4DC8-8EC0-190CA29C1565}.Release|x64.ActiveCfg = Release|x64
		{4A192CBB-F654-4DC8-8EC0-190CA29C1565}.Release|x64.Build.0 = Release|x64
		{4A192CBB-F654-4DC8-8EC0-190CA29C1565}.Release|x86.ActiveCfg = Release|Win32
		{4A192CBB-F654-4DC8-8EC0-190CA29C1565}.Release|x86.Build.0 = Release|Win32
		{4AA55EDB-95E3-4BE4-BB5A-E3ACC9AD45D9}.Debug|x64.ActiveCfg = Debug|x64
		{4AA55EDB-95E3-4BE4-BB5A-E3ACC9AD45D9}.Debug|x64.Build.0 = Debug|x64
		{4AA55EDB-95E3-4BE4-BB5A-E3ACC9AD45D9}.Debug|x86.ActiveCfg = Debug|Win32
		{4AA55EDB-95E3-4BE4-BB5A-E3ACC9AD45D9}.Debug|x86.Build.0 = Debug|Win32
		{4AA55EDB-95E3-4BE4-BB5A-E3ACC9AD45D9}.Release|x64.ActiveCfg = Release|x64
		{4AA55EDB-95E3-4BE4-BB5A-E3ACC9AD45D9}.Release|x64.Build.0 = Release|x64
		{4AA55EDB-95E3-4BE4-BB5A-E3ACC9AD45D9}.Release|x86.ActiveCfg = Release|Win32
		{4AA55EDB-95E3-4BE4-BB5A-E3ACC9AD45D9}.Release|x86.Build.0 = Release|Win32
	EndGlobalSection
	GlobalSection(SolutionProperties) = preSolution
		HideSolutionNode = FALSE
	EndGlobalSection
	GlobalSection(ExtensibilityGlobals) = postSolution
		SolutionGuid = {F685F16A-CCA3-41A6-A04F-39FB04AFC8FA}
	EndGlobalSection
EndGlobal
